
Microsoft Visual Studio Solution File, Format Version 12.00
# Visual Studio Version 17
VisualStudioVersion = 17.4.32804.182
MinimumVisualStudioVersion = 10.0.40219.1
Project("{FAE04EC0-301F-11D3-BF4B-00C04F79EFBC}") = "DeExercice", "DeExercice\DeExercice.csproj", "{CBBE3EEA-116E-4E1F-AEE0-7E3194A500CF}"
EndProject
Global
	GlobalSection(SolutionConfigurationPlatforms) = preSolution
		Debug|Any CPU = Debug|Any CPU
		Release|Any CPU = Release|Any CPU
	EndGlobalSection
	GlobalSection(ProjectConfigurationPlatforms) = postSolution
		{CBBE3EEA-116E-4E1F-AEE0-7E3194A500CF}.Debug|Any CPU.ActiveCfg = Debug|Any CPU
		{CBBE3EEA-116E-4E1F-AEE0-7E3194A500CF}.Debug|Any CPU.Build.0 = Debug|Any CPU
		{CBBE3EEA-116E-4E1F-AEE0-7E3194A500CF}.Release|Any CPU.ActiveCfg = Release|Any CPU
		{CBBE3EEA-116E-4E1F-AEE0-7E3194A500CF}.Release|Any CPU.Build.0 = Release|Any CPU
	EndGlobalSection
	GlobalSection(SolutionProperties) = preSolution
		HideSolutionNode = FALSE
	EndGlobalSection
	GlobalSection(ExtensibilityGlobals) = postSolution
		SolutionGuid = {D98450DE-D4E9-4989-B113-A0476DED58EF}
	EndGlobalSection
EndGlobal
